
Microsoft Visual Studio Solution File, Format Version 12.00
# Visual Studio Version 17
VisualStudioVersion = 17.4.33103.184
MinimumVisualStudioVersion = 10.0.40219.1
Project("{FAE04EC0-301F-11D3-BF4B-00C04F79EFBC}") = "DoraAnkiTool", "DoraAnkiTool\DoraAnkiTool.csproj", "{D1FFA13B-6CE8-4E89-831A-FF5F80D86D09}"
EndProject
Global
	GlobalSection(SolutionConfigurationPlatforms) = preSolution
		Debug|Any CPU = Debug|Any CPU
		Release|Any CPU = Release|Any CPU
	EndGlobalSection
	GlobalSection(ProjectConfigurationPlatforms) = postSolution
		{D1FFA13B-6CE8-4E89-831A-FF5F80D86D09}.Debug|Any CPU.ActiveCfg = Debug|Any CPU
		{D1FFA13B-6CE8-4E89-831A-FF5F80D86D09}.Debug|Any CPU.Build.0 = Debug|Any CPU
		{D1FFA13B-6CE8-4E89-831A-FF5F80D86D09}.Release|Any CPU.ActiveCfg = Release|Any CPU
		{D1FFA13B-6CE8-4E89-831A-FF5F80D86D09}.Release|Any CPU.Build.0 = Release|Any CPU
	EndGlobalSection
	GlobalSection(SolutionProperties) = preSolution
		HideSolutionNode = FALSE
	EndGlobalSection
	GlobalSection(ExtensibilityGlobals) = postSolution
		SolutionGuid = {64C0629E-C046-4110-87AA-A43FD85DF0F6}
	EndGlobalSection
EndGlobal
